// !$*UTF8*$!
{
	archiveVersion = 1;
	classes = {
	};
	objectVersion = 55;
	objects = {

/* Begin PBXBuildFile section */
		682F1BAF286AFEF600C7A344 /* ServiceListRequest.swift in Sources */ = {isa = PBXBuildFile; fileRef = 682F1BAE286AFEF600C7A344 /* ServiceListRequest.swift */; };
		68383ADA28511923000A0F2A /* PostServiceRequest.swift in Sources */ = {isa = PBXBuildFile; fileRef = 68383AD928511923000A0F2A /* PostServiceRequest.swift */; };
		6862042A27FB5B6700C2FBF6 /* AddressRequest.swift in Sources */ = {isa = PBXBuildFile; fileRef = 6862042927FB5B6700C2FBF6 /* AddressRequest.swift */; };
		6862042C27FB5E4000C2FBF6 /* AddressAPI.swift in Sources */ = {isa = PBXBuildFile; fileRef = 6862042B27FB5E4000C2FBF6 /* AddressAPI.swift */; };
		6862043727FB63EB00C2FBF6 /* ArtisanFilter.swift in Sources */ = {isa = PBXBuildFile; fileRef = 6862043627FB63EB00C2FBF6 /* ArtisanFilter.swift */; };
		6862043927FB641A00C2FBF6 /* ArtisanAPI.swift in Sources */ = {isa = PBXBuildFile; fileRef = 6862043827FB641A00C2FBF6 /* ArtisanAPI.swift */; };
		6862043C27FBB3B800C2FBF6 /* RatingRequest.swift in Sources */ = {isa = PBXBuildFile; fileRef = 6862043B27FBB3B800C2FBF6 /* RatingRequest.swift */; };
		6862043E27FBB3E900C2FBF6 /* RatingAPI.swift in Sources */ = {isa = PBXBuildFile; fileRef = 6862043D27FBB3E900C2FBF6 /* RatingAPI.swift */; };
		6862044527FBB73300C2FBF6 /* CategoryAPI.swift in Sources */ = {isa = PBXBuildFile; fileRef = 6862044427FBB73300C2FBF6 /* CategoryAPI.swift */; };
		6862044C27FC120A00C2FBF6 /* FavoriteAPI.swift in Sources */ = {isa = PBXBuildFile; fileRef = 6862044B27FC120A00C2FBF6 /* FavoriteAPI.swift */; };
		6862045327FC160000C2FBF6 /* UploadMediaRequest.swift in Sources */ = {isa = PBXBuildFile; fileRef = 6862045227FC160000C2FBF6 /* UploadMediaRequest.swift */; };
		6862045527FC163100C2FBF6 /* UploadConfirmedRequest.swift in Sources */ = {isa = PBXBuildFile; fileRef = 6862045427FC163100C2FBF6 /* UploadConfirmedRequest.swift */; };
		6862045727FC172800C2FBF6 /* UploadAPI.swift in Sources */ = {isa = PBXBuildFile; fileRef = 6862045627FC172800C2FBF6 /* UploadAPI.swift */; };
		6872A42D27FD92AA002EC72A /* CalendarAPI.swift in Sources */ = {isa = PBXBuildFile; fileRef = 6872A42C27FD92AA002EC72A /* CalendarAPI.swift */; };
		687A509F27D60E2D00A7A124 /* ResetPasswordRequest.swift in Sources */ = {isa = PBXBuildFile; fileRef = 687A509E27D60E2D00A7A124 /* ResetPasswordRequest.swift */; };
		687A50A127D60EB100A7A124 /* ResetPasswordAPI.swift in Sources */ = {isa = PBXBuildFile; fileRef = 687A50A027D60EB100A7A124 /* ResetPasswordAPI.swift */; };
		68A3BC3A27D1EA5A00CEBF1F /* ForgotPasswordRequest.swift in Sources */ = {isa = PBXBuildFile; fileRef = 68A3BC3927D1EA5900CEBF1F /* ForgotPasswordRequest.swift */; };
		68A3BC3C27D1EB0E00CEBF1F /* ForgotPasswordAPI.swift in Sources */ = {isa = PBXBuildFile; fileRef = 68A3BC3B27D1EB0E00CEBF1F /* ForgotPasswordAPI.swift */; };
		68A3BC3E27D1EB9000CEBF1F /* Endpoint.swift in Sources */ = {isa = PBXBuildFile; fileRef = 68A3BC3D27D1EB9000CEBF1F /* Endpoint.swift */; };
		68A5F80227B3AB8500F6728E /* ServiceWrapper.docc in Sources */ = {isa = PBXBuildFile; fileRef = 68A5F80127B3AB8500F6728E /* ServiceWrapper.docc */; };
		68A5F80327B3AB8500F6728E /* ServiceWrapper.h in Headers */ = {isa = PBXBuildFile; fileRef = 68A5F80027B3AB8500F6728E /* ServiceWrapper.h */; settings = {ATTRIBUTES = (Public, ); }; };
		68A5F80A27B3B0FE00F6728E /* Platform.framework in Frameworks */ = {isa = PBXBuildFile; fileRef = 68A5F80927B3B0FE00F6728E /* Platform.framework */; };
		68A5F80B27B3B0FE00F6728E /* Platform.framework in Embed Frameworks */ = {isa = PBXBuildFile; fileRef = 68A5F80927B3B0FE00F6728E /* Platform.framework */; settings = {ATTRIBUTES = (CodeSignOnCopy, RemoveHeadersOnCopy, ); }; };
		68A5F80E27B3B13E00F6728E /* ServiceHelper.swift in Sources */ = {isa = PBXBuildFile; fileRef = 68A5F80D27B3B13E00F6728E /* ServiceHelper.swift */; };
		68A5F81727B4930000F6728E /* LoginRequest.swift in Sources */ = {isa = PBXBuildFile; fileRef = 68A5F81627B4930000F6728E /* LoginRequest.swift */; };
		68A5F81927B4934800F6728E /* LoginAPI.swift in Sources */ = {isa = PBXBuildFile; fileRef = 68A5F81827B4934800F6728E /* LoginAPI.swift */; };
		68A5F81E27B4D13200F6728E /* ProfileAPI.swift in Sources */ = {isa = PBXBuildFile; fileRef = 68A5F81D27B4D13200F6728E /* ProfileAPI.swift */; };
		68A5F84927BD708800F6728E /* RegisterAPI.swift in Sources */ = {isa = PBXBuildFile; fileRef = 68A5F84827BD708700F6728E /* RegisterAPI.swift */; };
		68A5F84D27BD712D00F6728E /* CheckUserRequest.swift in Sources */ = {isa = PBXBuildFile; fileRef = 68A5F84C27BD712D00F6728E /* CheckUserRequest.swift */; };
		68A5F85527BF536300F6728E /* ChallengerRequest.swift in Sources */ = {isa = PBXBuildFile; fileRef = 68A5F85427BF536200F6728E /* ChallengerRequest.swift */; };
		68A5F86527C4E55100F6728E /* RegisterRequest.swift in Sources */ = {isa = PBXBuildFile; fileRef = 68A5F86427C4E55100F6728E /* RegisterRequest.swift */; };
		68A9B5742841305F00AF8858 /* MetadataRequest.swift in Sources */ = {isa = PBXBuildFile; fileRef = 68A9B5732841305E00AF8858 /* MetadataRequest.swift */; };
		68A9B5772841329500AF8858 /* MetadataAPI.swift in Sources */ = {isa = PBXBuildFile; fileRef = 68A9B5762841329400AF8858 /* MetadataAPI.swift */; };
		68A9B57D2841501800AF8858 /* BasicAPIResponse.swift in Sources */ = {isa = PBXBuildFile; fileRef = 68A9B57C2841501800AF8858 /* BasicAPIResponse.swift */; };
		68B8E2CB28814503001B260C /* BookingAPI.swift in Sources */ = {isa = PBXBuildFile; fileRef = 68B8E2CA28814503001B260C /* BookingAPI.swift */; };
		68B8E2CD28814976001B260C /* PostComplaintRequest.swift in Sources */ = {isa = PBXBuildFile; fileRef = 68B8E2CC28814976001B260C /* PostComplaintRequest.swift */; };
		68B8E2CF288149C7001B260C /* PostBookingRequest.swift in Sources */ = {isa = PBXBuildFile; fileRef = 68B8E2CE288149C7001B260C /* PostBookingRequest.swift */; };
		68BA611327FC439E00DA70F8 /* MediaSigned.swift in Sources */ = {isa = PBXBuildFile; fileRef = 68BA611227FC439E00DA70F8 /* MediaSigned.swift */; };
		68BA611A27FC883E00DA70F8 /* ArtisanServiceRequest.swift in Sources */ = {isa = PBXBuildFile; fileRef = 68BA611927FC883E00DA70F8 /* ArtisanServiceRequest.swift */; };
		68BA611C27FC8A0F00DA70F8 /* ArtisanServiceAPI.swift in Sources */ = {isa = PBXBuildFile; fileRef = 68BA611B27FC8A0F00DA70F8 /* ArtisanServiceAPI.swift */; };
		68BA611F27FCA0B600DA70F8 /* ChangePasswordRequest.swift in Sources */ = {isa = PBXBuildFile; fileRef = 68BA611E27FCA0B600DA70F8 /* ChangePasswordRequest.swift */; };
		68BA612127FCA13500DA70F8 /* ChangePasswordAPI.swift in Sources */ = {isa = PBXBuildFile; fileRef = 68BA612027FCA13500DA70F8 /* ChangePasswordAPI.swift */; };
		68BA612A27FCA6C400DA70F8 /* EventTrackingAPI.swift in Sources */ = {isa = PBXBuildFile; fileRef = 68BA612927FCA6C400DA70F8 /* EventTrackingAPI.swift */; };
		68BA613027FCA95300DA70F8 /* FavoriteRequest.swift in Sources */ = {isa = PBXBuildFile; fileRef = 68BA612F27FCA95300DA70F8 /* FavoriteRequest.swift */; };
		68BA613327FCB21D00DA70F8 /* GalleryAPI.swift in Sources */ = {isa = PBXBuildFile; fileRef = 68BA613227FCB21D00DA70F8 /* GalleryAPI.swift */; };
		68BA613A27FCB69A00DA70F8 /* NewsAPI.swift in Sources */ = {isa = PBXBuildFile; fileRef = 68BA613927FCB69A00DA70F8 /* NewsAPI.swift */; };
		68BA613D27FD46D800DA70F8 /* NotificationAPI.swift in Sources */ = {isa = PBXBuildFile; fileRef = 68BA613C27FD46D800DA70F8 /* NotificationAPI.swift */; };
		68BA614827FD699700DA70F8 /* PaymentAPI.swift in Sources */ = {isa = PBXBuildFile; fileRef = 68BA614727FD699700DA70F8 /* PaymentAPI.swift */; };
		E58A228660A25FFE7605C813 /* Pods_ServiceWrapper.framework in Frameworks */ = {isa = PBXBuildFile; fileRef = AD58E04E01F009D2188EEE85 /* Pods_ServiceWrapper.framework */; };
/* End PBXBuildFile section */

/* Begin PBXCopyFilesBuildPhase section */
		68A5F80C27B3B0FE00F6728E /* Embed Frameworks */ = {
			isa = PBXCopyFilesBuildPhase;
			buildActionMask = 2147483647;
			dstPath = "";
			dstSubfolderSpec = 10;
			files = (
				68A5F80B27B3B0FE00F6728E /* Platform.framework in Embed Frameworks */,
			);
			name = "Embed Frameworks";
			runOnlyForDeploymentPostprocessing = 0;
		};
/* End PBXCopyFilesBuildPhase section */

/* Begin PBXFileReference section */
		5C1D5BCEE5A45ED9E1C3D651 /* Pods-ServiceWrapper.release.xcconfig */ = {isa = PBXFileReference; includeInIndex = 1; lastKnownFileType = text.xcconfig; name = "Pods-ServiceWrapper.release.xcconfig"; path = "Target Support Files/Pods-ServiceWrapper/Pods-ServiceWrapper.release.xcconfig"; sourceTree = "<group>"; };
		682F1BAE286AFEF600C7A344 /* ServiceListRequest.swift */ = {isa = PBXFileReference; fileEncoding = 4; lastKnownFileType = sourcecode.swift; path = ServiceListRequest.swift; sourceTree = "<group>"; };
		68383AD928511923000A0F2A /* PostServiceRequest.swift */ = {isa = PBXFileReference; lastKnownFileType = sourcecode.swift; path = PostServiceRequest.swift; sourceTree = "<group>"; };
		6862042927FB5B6700C2FBF6 /* AddressRequest.swift */ = {isa = PBXFileReference; lastKnownFileType = sourcecode.swift; path = AddressRequest.swift; sourceTree = "<group>"; };
		6862042B27FB5E4000C2FBF6 /* AddressAPI.swift */ = {isa = PBXFileReference; lastKnownFileType = sourcecode.swift; path = AddressAPI.swift; sourceTree = "<group>"; };
		6862043627FB63EB00C2FBF6 /* ArtisanFilter.swift */ = {isa = PBXFileReference; lastKnownFileType = sourcecode.swift; path = ArtisanFilter.swift; sourceTree = "<group>"; };
		6862043827FB641A00C2FBF6 /* ArtisanAPI.swift */ = {isa = PBXFileReference; lastKnownFileType = sourcecode.swift; path = ArtisanAPI.swift; sourceTree = "<group>"; };
		6862043B27FBB3B800C2FBF6 /* RatingRequest.swift */ = {isa = PBXFileReference; lastKnownFileType = sourcecode.swift; path = RatingRequest.swift; sourceTree = "<group>"; };
		6862043D27FBB3E900C2FBF6 /* RatingAPI.swift */ = {isa = PBXFileReference; lastKnownFileType = sourcecode.swift; path = RatingAPI.swift; sourceTree = "<group>"; };
		6862044427FBB73300C2FBF6 /* CategoryAPI.swift */ = {isa = PBXFileReference; lastKnownFileType = sourcecode.swift; path = CategoryAPI.swift; sourceTree = "<group>"; };
		6862044B27FC120A00C2FBF6 /* FavoriteAPI.swift */ = {isa = PBXFileReference; lastKnownFileType = sourcecode.swift; path = FavoriteAPI.swift; sourceTree = "<group>"; };
		6862045227FC160000C2FBF6 /* UploadMediaRequest.swift */ = {isa = PBXFileReference; lastKnownFileType = sourcecode.swift; path = UploadMediaRequest.swift; sourceTree = "<group>"; };
		6862045427FC163100C2FBF6 /* UploadConfirmedRequest.swift */ = {isa = PBXFileReference; lastKnownFileType = sourcecode.swift; path = UploadConfirmedRequest.swift; sourceTree = "<group>"; };
		6862045627FC172800C2FBF6 /* UploadAPI.swift */ = {isa = PBXFileReference; lastKnownFileType = sourcecode.swift; path = UploadAPI.swift; sourceTree = "<group>"; };
		6872A42C27FD92AA002EC72A /* CalendarAPI.swift */ = {isa = PBXFileReference; lastKnownFileType = sourcecode.swift; path = CalendarAPI.swift; sourceTree = "<group>"; };
		687A509E27D60E2D00A7A124 /* ResetPasswordRequest.swift */ = {isa = PBXFileReference; lastKnownFileType = sourcecode.swift; path = ResetPasswordRequest.swift; sourceTree = "<group>"; };
		687A50A027D60EB100A7A124 /* ResetPasswordAPI.swift */ = {isa = PBXFileReference; lastKnownFileType = sourcecode.swift; path = ResetPasswordAPI.swift; sourceTree = "<group>"; };
		68A3BC3927D1EA5900CEBF1F /* ForgotPasswordRequest.swift */ = {isa = PBXFileReference; lastKnownFileType = sourcecode.swift; path = ForgotPasswordRequest.swift; sourceTree = "<group>"; };
		68A3BC3B27D1EB0E00CEBF1F /* ForgotPasswordAPI.swift */ = {isa = PBXFileReference; lastKnownFileType = sourcecode.swift; path = ForgotPasswordAPI.swift; sourceTree = "<group>"; };
		68A3BC3D27D1EB9000CEBF1F /* Endpoint.swift */ = {isa = PBXFileReference; lastKnownFileType = sourcecode.swift; path = Endpoint.swift; sourceTree = "<group>"; };
		68A5F7FD27B3AB8500F6728E /* ServiceWrapper.framework */ = {isa = PBXFileReference; explicitFileType = wrapper.framework; includeInIndex = 0; path = ServiceWrapper.framework; sourceTree = BUILT_PRODUCTS_DIR; };
		68A5F80027B3AB8500F6728E /* ServiceWrapper.h */ = {isa = PBXFileReference; lastKnownFileType = sourcecode.c.h; path = ServiceWrapper.h; sourceTree = "<group>"; };
		68A5F80127B3AB8500F6728E /* ServiceWrapper.docc */ = {isa = PBXFileReference; lastKnownFileType = folder.documentationcatalog; path = ServiceWrapper.docc; sourceTree = "<group>"; };
		68A5F80927B3B0FE00F6728E /* Platform.framework */ = {isa = PBXFileReference; explicitFileType = wrapper.framework; path = Platform.framework; sourceTree = BUILT_PRODUCTS_DIR; };
		68A5F80D27B3B13E00F6728E /* ServiceHelper.swift */ = {isa = PBXFileReference; lastKnownFileType = sourcecode.swift; path = ServiceHelper.swift; sourceTree = "<group>"; };
		68A5F81627B4930000F6728E /* LoginRequest.swift */ = {isa = PBXFileReference; lastKnownFileType = sourcecode.swift; path = LoginRequest.swift; sourceTree = "<group>"; };
		68A5F81827B4934800F6728E /* LoginAPI.swift */ = {isa = PBXFileReference; lastKnownFileType = sourcecode.swift; path = LoginAPI.swift; sourceTree = "<group>"; };
		68A5F81D27B4D13200F6728E /* ProfileAPI.swift */ = {isa = PBXFileReference; lastKnownFileType = sourcecode.swift; path = ProfileAPI.swift; sourceTree = "<group>"; };
		68A5F84827BD708700F6728E /* RegisterAPI.swift */ = {isa = PBXFileReference; lastKnownFileType = sourcecode.swift; path = RegisterAPI.swift; sourceTree = "<group>"; };
		68A5F84C27BD712D00F6728E /* CheckUserRequest.swift */ = {isa = PBXFileReference; lastKnownFileType = sourcecode.swift; path = CheckUserRequest.swift; sourceTree = "<group>"; };
		68A5F85427BF536200F6728E /* ChallengerRequest.swift */ = {isa = PBXFileReference; lastKnownFileType = sourcecode.swift; path = ChallengerRequest.swift; sourceTree = "<group>"; };
		68A5F86427C4E55100F6728E /* RegisterRequest.swift */ = {isa = PBXFileReference; lastKnownFileType = sourcecode.swift; path = RegisterRequest.swift; sourceTree = "<group>"; };
		68A9B5732841305E00AF8858 /* MetadataRequest.swift */ = {isa = PBXFileReference; lastKnownFileType = sourcecode.swift; path = MetadataRequest.swift; sourceTree = "<group>"; };
		68A9B5762841329400AF8858 /* MetadataAPI.swift */ = {isa = PBXFileReference; lastKnownFileType = sourcecode.swift; path = MetadataAPI.swift; sourceTree = "<group>"; };
		68A9B57C2841501800AF8858 /* BasicAPIResponse.swift */ = {isa = PBXFileReference; lastKnownFileType = sourcecode.swift; path = BasicAPIResponse.swift; sourceTree = "<group>"; };
		68B8E2CA28814503001B260C /* BookingAPI.swift */ = {isa = PBXFileReference; lastKnownFileType = sourcecode.swift; path = BookingAPI.swift; sourceTree = "<group>"; };
		68B8E2CC28814976001B260C /* PostComplaintRequest.swift */ = {isa = PBXFileReference; lastKnownFileType = sourcecode.swift; path = PostComplaintRequest.swift; sourceTree = "<group>"; };
		68B8E2CE288149C7001B260C /* PostBookingRequest.swift */ = {isa = PBXFileReference; lastKnownFileType = sourcecode.swift; path = PostBookingRequest.swift; sourceTree = "<group>"; };
		68BA611227FC439E00DA70F8 /* MediaSigned.swift */ = {isa = PBXFileReference; lastKnownFileType = sourcecode.swift; path = MediaSigned.swift; sourceTree = "<group>"; };
		68BA611927FC883E00DA70F8 /* ArtisanServiceRequest.swift */ = {isa = PBXFileReference; lastKnownFileType = sourcecode.swift; path = ArtisanServiceRequest.swift; sourceTree = "<group>"; };
		68BA611B27FC8A0F00DA70F8 /* ArtisanServiceAPI.swift */ = {isa = PBXFileReference; lastKnownFileType = sourcecode.swift; path = ArtisanServiceAPI.swift; sourceTree = "<group>"; };
		68BA611E27FCA0B600DA70F8 /* ChangePasswordRequest.swift */ = {isa = PBXFileReference; lastKnownFileType = sourcecode.swift; path = ChangePasswordRequest.swift; sourceTree = "<group>"; };
		68BA612027FCA13500DA70F8 /* ChangePasswordAPI.swift */ = {isa = PBXFileReference; lastKnownFileType = sourcecode.swift; path = ChangePasswordAPI.swift; sourceTree = "<group>"; };
		68BA612927FCA6C400DA70F8 /* EventTrackingAPI.swift */ = {isa = PBXFileReference; lastKnownFileType = sourcecode.swift; path = EventTrackingAPI.swift; sourceTree = "<group>"; };
		68BA612F27FCA95300DA70F8 /* FavoriteRequest.swift */ = {isa = PBXFileReference; lastKnownFileType = sourcecode.swift; path = FavoriteRequest.swift; sourceTree = "<group>"; };
		68BA613227FCB21D00DA70F8 /* GalleryAPI.swift */ = {isa = PBXFileReference; lastKnownFileType = sourcecode.swift; path = GalleryAPI.swift; sourceTree = "<group>"; };
		68BA613927FCB69A00DA70F8 /* NewsAPI.swift */ = {isa = PBXFileReference; lastKnownFileType = sourcecode.swift; path = NewsAPI.swift; sourceTree = "<group>"; };
		68BA613C27FD46D800DA70F8 /* NotificationAPI.swift */ = {isa = PBXFileReference; lastKnownFileType = sourcecode.swift; path = NotificationAPI.swift; sourceTree = "<group>"; };
		68BA614727FD699700DA70F8 /* PaymentAPI.swift */ = {isa = PBXFileReference; lastKnownFileType = sourcecode.swift; path = PaymentAPI.swift; sourceTree = "<group>"; };
		AD58E04E01F009D2188EEE85 /* Pods_ServiceWrapper.framework */ = {isa = PBXFileReference; explicitFileType = wrapper.framework; includeInIndex = 0; path = Pods_ServiceWrapper.framework; sourceTree = BUILT_PRODUCTS_DIR; };
		C5D1A4D35E1DEA98AACAAF47 /* Pods-ServiceWrapper.debug.xcconfig */ = {isa = PBXFileReference; includeInIndex = 1; lastKnownFileType = text.xcconfig; name = "Pods-ServiceWrapper.debug.xcconfig"; path = "Target Support Files/Pods-ServiceWrapper/Pods-ServiceWrapper.debug.xcconfig"; sourceTree = "<group>"; };
/* End PBXFileReference section */

/* Begin PBXFrameworksBuildPhase section */
		68A5F7FA27B3AB8500F6728E /* Frameworks */ = {
			isa = PBXFrameworksBuildPhase;
			buildActionMask = 2147483647;
			files = (
				E58A228660A25FFE7605C813 /* Pods_ServiceWrapper.framework in Frameworks */,
				68A5F80A27B3B0FE00F6728E /* Platform.framework in Frameworks */,
			);
			runOnlyForDeploymentPostprocessing = 0;
		};
/* End PBXFrameworksBuildPhase section */

/* Begin PBXGroup section */
		40894587C606CDE43E715130 /* Frameworks */ = {
			isa = PBXGroup;
			children = (
				68A5F80927B3B0FE00F6728E /* Platform.framework */,
				AD58E04E01F009D2188EEE85 /* Pods_ServiceWrapper.framework */,
			);
			name = Frameworks;
			sourceTree = "<group>";
		};
		52E8092A73EE1CB436D057C7 /* Pods */ = {
			isa = PBXGroup;
			children = (
				C5D1A4D35E1DEA98AACAAF47 /* Pods-ServiceWrapper.debug.xcconfig */,
				5C1D5BCEE5A45ED9E1C3D651 /* Pods-ServiceWrapper.release.xcconfig */,
			);
			name = Pods;
			path = ../App/Pods;
			sourceTree = "<group>";
		};
		6862042827FB5B3D00C2FBF6 /* Address */ = {
			isa = PBXGroup;
			children = (
				6862042927FB5B6700C2FBF6 /* AddressRequest.swift */,
				6862042B27FB5E4000C2FBF6 /* AddressAPI.swift */,
			);
			path = Address;
			sourceTree = "<group>";
		};
		6862043527FB63DA00C2FBF6 /* Artisan */ = {
			isa = PBXGroup;
			children = (
				6862043627FB63EB00C2FBF6 /* ArtisanFilter.swift */,
				6862043827FB641A00C2FBF6 /* ArtisanAPI.swift */,
			);
			path = Artisan;
			sourceTree = "<group>";
		};
		6862043A27FBB39400C2FBF6 /* Rating */ = {
			isa = PBXGroup;
			children = (
				6862043B27FBB3B800C2FBF6 /* RatingRequest.swift */,
				6862043D27FBB3E900C2FBF6 /* RatingAPI.swift */,
			);
			path = Rating;
			sourceTree = "<group>";
		};
		6862044327FBB71B00C2FBF6 /* Category */ = {
			isa = PBXGroup;
			children = (
				6862044427FBB73300C2FBF6 /* CategoryAPI.swift */,
			);
			path = Category;
			sourceTree = "<group>";
		};
		6862044A27FC11F400C2FBF6 /* Favorite */ = {
			isa = PBXGroup;
			children = (
				6862044B27FC120A00C2FBF6 /* FavoriteAPI.swift */,
				68BA612F27FCA95300DA70F8 /* FavoriteRequest.swift */,
			);
			path = Favorite;
			sourceTree = "<group>";
		};
		6862045127FC15E700C2FBF6 /* Upload */ = {
			isa = PBXGroup;
			children = (
				6862045227FC160000C2FBF6 /* UploadMediaRequest.swift */,
				6862045427FC163100C2FBF6 /* UploadConfirmedRequest.swift */,
				6862045627FC172800C2FBF6 /* UploadAPI.swift */,
				68BA611227FC439E00DA70F8 /* MediaSigned.swift */,
			);
			path = Upload;
			sourceTree = "<group>";
		};
		687A509D27D60E0000A7A124 /* ResetPassword */ = {
			isa = PBXGroup;
			children = (
				687A509E27D60E2D00A7A124 /* ResetPasswordRequest.swift */,
				687A50A027D60EB100A7A124 /* ResetPasswordAPI.swift */,
			);
			path = ResetPassword;
			sourceTree = "<group>";
		};
		68A3BC3827D1EA2300CEBF1F /* ForgotPassword */ = {
			isa = PBXGroup;
			children = (
				68A3BC3927D1EA5900CEBF1F /* ForgotPasswordRequest.swift */,
				68A3BC3B27D1EB0E00CEBF1F /* ForgotPasswordAPI.swift */,
			);
			path = ForgotPassword;
			sourceTree = "<group>";
		};
		68A5F7F327B3AB8500F6728E = {
			isa = PBXGroup;
			children = (
				68A5F7FF27B3AB8500F6728E /* ServiceWrapper */,
				68A5F7FE27B3AB8500F6728E /* Products */,
				52E8092A73EE1CB436D057C7 /* Pods */,
				40894587C606CDE43E715130 /* Frameworks */,
			);
			sourceTree = "<group>";
		};
		68A5F7FE27B3AB8500F6728E /* Products */ = {
			isa = PBXGroup;
			children = (
				68A5F7FD27B3AB8500F6728E /* ServiceWrapper.framework */,
			);
			name = Products;
			sourceTree = "<group>";
		};
		68A5F7FF27B3AB8500F6728E /* ServiceWrapper */ = {
			isa = PBXGroup;
			children = (
				68B8E2C9288144EF001B260C /* Booking */,
				68BA614927FD924D00DA70F8 /* Calendar */,
				6862042827FB5B3D00C2FBF6 /* Address */,
				6862043527FB63DA00C2FBF6 /* Artisan */,
				68BA611827FC882900DA70F8 /* ArtisanService */,
				6862044327FBB71B00C2FBF6 /* Category */,
				68BA611D27FCA09400DA70F8 /* ChangePassword */,
				68BA612827FCA6A700DA70F8 /* EventTracking */,
				68A3BC3827D1EA2300CEBF1F /* ForgotPassword */,
				6862044A27FC11F400C2FBF6 /* Favorite */,
				68BA613127FCB20B00DA70F8 /* Gallery */,
				68BA614627FD698600DA70F8 /* Payment */,
				68BA613B27FD46BF00DA70F8 /* Notification */,
				68BA613827FCB68900DA70F8 /* News */,
				68A5F81527B492E600F6728E /* Login */,
				68A5F81C27B4D11300F6728E /* Profile */,
				68A5F84727BD705700F6728E /* Register */,
				687A509D27D60E0000A7A124 /* ResetPassword */,
				6862043A27FBB39400C2FBF6 /* Rating */,
				6862045127FC15E700C2FBF6 /* Upload */,
				68A9B5752841306700AF8858 /* Metadata */,
				68A5F80D27B3B13E00F6728E /* ServiceHelper.swift */,
				68A3BC3D27D1EB9000CEBF1F /* Endpoint.swift */,
				68A5F80027B3AB8500F6728E /* ServiceWrapper.h */,
				68A5F80127B3AB8500F6728E /* ServiceWrapper.docc */,
			);
			path = ServiceWrapper;
			sourceTree = "<group>";
		};
		68A5F81527B492E600F6728E /* Login */ = {
			isa = PBXGroup;
			children = (
				68A5F81627B4930000F6728E /* LoginRequest.swift */,
				68A5F81827B4934800F6728E /* LoginAPI.swift */,
			);
			path = Login;
			sourceTree = "<group>";
		};
		68A5F81C27B4D11300F6728E /* Profile */ = {
			isa = PBXGroup;
			children = (
				68A5F81D27B4D13200F6728E /* ProfileAPI.swift */,
				68A9B57C2841501800AF8858 /* BasicAPIResponse.swift */,
			);
			path = Profile;
			sourceTree = "<group>";
		};
		68A5F84727BD705700F6728E /* Register */ = {
			isa = PBXGroup;
			children = (
				68A5F84827BD708700F6728E /* RegisterAPI.swift */,
				68A5F86427C4E55100F6728E /* RegisterRequest.swift */,
				68A5F84C27BD712D00F6728E /* CheckUserRequest.swift */,
				68A5F85427BF536200F6728E /* ChallengerRequest.swift */,
			);
			path = Register;
			sourceTree = "<group>";
		};
		68A9B5752841306700AF8858 /* Metadata */ = {
			isa = PBXGroup;
			children = (
				68A9B5732841305E00AF8858 /* MetadataRequest.swift */,
				68A9B5762841329400AF8858 /* MetadataAPI.swift */,
			);
			path = Metadata;
			sourceTree = "<group>";
		};
		68B8E2C9288144EF001B260C /* Booking */ = {
			isa = PBXGroup;
			children = (
				68B8E2CA28814503001B260C /* BookingAPI.swift */,
				68B8E2CC28814976001B260C /* PostComplaintRequest.swift */,
				68B8E2CE288149C7001B260C /* PostBookingRequest.swift */,
			);
			path = Booking;
			sourceTree = "<group>";
		};
		68BA611827FC882900DA70F8 /* ArtisanService */ = {
			isa = PBXGroup;
			children = (
				682F1BAE286AFEF600C7A344 /* ServiceListRequest.swift */,
				68BA611927FC883E00DA70F8 /* ArtisanServiceRequest.swift */,
				68383AD928511923000A0F2A /* PostServiceRequest.swift */,
				68BA611B27FC8A0F00DA70F8 /* ArtisanServiceAPI.swift */,
			);
			path = ArtisanService;
			sourceTree = "<group>";
		};
		68BA611D27FCA09400DA70F8 /* ChangePassword */ = {
			isa = PBXGroup;
			children = (
				68BA611E27FCA0B600DA70F8 /* ChangePasswordRequest.swift */,
				68BA612027FCA13500DA70F8 /* ChangePasswordAPI.swift */,
			);
			path = ChangePassword;
			sourceTree = "<group>";
		};
		68BA612827FCA6A700DA70F8 /* EventTracking */ = {
			isa = PBXGroup;
			children = (
				68BA612927FCA6C400DA70F8 /* EventTrackingAPI.swift */,
			);
			path = EventTracking;
			sourceTree = "<group>";
		};
		68BA613127FCB20B00DA70F8 /* Gallery */ = {
			isa = PBXGroup;
			children = (
				68BA613227FCB21D00DA70F8 /* GalleryAPI.swift */,
			);
			path = Gallery;
			sourceTree = "<group>";
		};
		68BA613827FCB68900DA70F8 /* News */ = {
			isa = PBXGroup;
			children = (
				68BA613927FCB69A00DA70F8 /* NewsAPI.swift */,
			);
			path = News;
			sourceTree = "<group>";
		};
		68BA613B27FD46BF00DA70F8 /* Notification */ = {
			isa = PBXGroup;
			children = (
				68BA613C27FD46D800DA70F8 /* NotificationAPI.swift */,
			);
			path = Notification;
			sourceTree = "<group>";
		};
		68BA614627FD698600DA70F8 /* Payment */ = {
			isa = PBXGroup;
			children = (
				68BA614727FD699700DA70F8 /* PaymentAPI.swift */,
			);
			path = Payment;
			sourceTree = "<group>";
		};
		68BA614927FD924D00DA70F8 /* Calendar */ = {
			isa = PBXGroup;
			children = (
				6872A42C27FD92AA002EC72A /* CalendarAPI.swift */,
			);
			path = Calendar;
			sourceTree = "<group>";
		};
/* End PBXGroup section */

/* Begin PBXHeadersBuildPhase section */
		68A5F7F827B3AB8500F6728E /* Headers */ = {
			isa = PBXHeadersBuildPhase;
			buildActionMask = 2147483647;
			files = (
				68A5F80327B3AB8500F6728E /* ServiceWrapper.h in Headers */,
			);
			runOnlyForDeploymentPostprocessing = 0;
		};
/* End PBXHeadersBuildPhase section */

/* Begin PBXNativeTarget section */
		68A5F7FC27B3AB8500F6728E /* ServiceWrapper */ = {
			isa = PBXNativeTarget;
			buildConfigurationList = 68A5F80627B3AB8500F6728E /* Build configuration list for PBXNativeTarget "ServiceWrapper" */;
			buildPhases = (
				249B960D33F0DC4C4E3AFA4B /* [CP] Check Pods Manifest.lock */,
				68A5F7F827B3AB8500F6728E /* Headers */,
				68A5F7F927B3AB8500F6728E /* Sources */,
				68A5F7FA27B3AB8500F6728E /* Frameworks */,
				68A5F7FB27B3AB8500F6728E /* Resources */,
				68A5F80C27B3B0FE00F6728E /* Embed Frameworks */,
			);
			buildRules = (
			);
			dependencies = (
			);
			name = ServiceWrapper;
			productName = ServiceWrapper;
			productReference = 68A5F7FD27B3AB8500F6728E /* ServiceWrapper.framework */;
			productType = "com.apple.product-type.framework";
		};
/* End PBXNativeTarget section */

/* Begin PBXProject section */
		68A5F7F427B3AB8500F6728E /* Project object */ = {
			isa = PBXProject;
			attributes = {
				BuildIndependentTargetsInParallel = 1;
				LastUpgradeCheck = 1310;
				ORGANIZATIONNAME = "PT. Perintis Teknologi Indonesia";
				TargetAttributes = {
					68A5F7FC27B3AB8500F6728E = {
						CreatedOnToolsVersion = 13.1;
					};
				};
			};
			buildConfigurationList = 68A5F7F727B3AB8500F6728E /* Build configuration list for PBXProject "ServiceWrapper" */;
			compatibilityVersion = "Xcode 13.0";
			developmentRegion = en;
			hasScannedForEncodings = 0;
			knownRegions = (
				en,
				Base,
			);
			mainGroup = 68A5F7F327B3AB8500F6728E;
			productRefGroup = 68A5F7FE27B3AB8500F6728E /* Products */;
			projectDirPath = "";
			projectRoot = "";
			targets = (
				68A5F7FC27B3AB8500F6728E /* ServiceWrapper */,
			);
		};
/* End PBXProject section */

/* Begin PBXResourcesBuildPhase section */
		68A5F7FB27B3AB8500F6728E /* Resources */ = {
			isa = PBXResourcesBuildPhase;
			buildActionMask = 2147483647;
			files = (
			);
			runOnlyForDeploymentPostprocessing = 0;
		};
/* End PBXResourcesBuildPhase section */

/* Begin PBXShellScriptBuildPhase section */
		249B960D33F0DC4C4E3AFA4B /* [CP] Check Pods Manifest.lock */ = {
			isa = PBXShellScriptBuildPhase;
			buildActionMask = 2147483647;
			files = (
			);
			inputFileListPaths = (
			);
			inputPaths = (
				"${PODS_PODFILE_DIR_PATH}/Podfile.lock",
				"${PODS_ROOT}/Manifest.lock",
			);
			name = "[CP] Check Pods Manifest.lock";
			outputFileListPaths = (
			);
			outputPaths = (
				"$(DERIVED_FILE_DIR)/Pods-ServiceWrapper-checkManifestLockResult.txt",
			);
			runOnlyForDeploymentPostprocessing = 0;
			shellPath = /bin/sh;
			shellScript = "diff \"${PODS_PODFILE_DIR_PATH}/Podfile.lock\" \"${PODS_ROOT}/Manifest.lock\" > /dev/null\nif [ $? != 0 ] ; then\n    # print error to STDERR\n    echo \"error: The sandbox is not in sync with the Podfile.lock. Run 'pod install' or update your CocoaPods installation.\" >&2\n    exit 1\nfi\n# This output is used by Xcode 'outputs' to avoid re-running this script phase.\necho \"SUCCESS\" > \"${SCRIPT_OUTPUT_FILE_0}\"\n";
			showEnvVarsInLog = 0;
		};
/* End PBXShellScriptBuildPhase section */

/* Begin PBXSourcesBuildPhase section */
		68A5F7F927B3AB8500F6728E /* Sources */ = {
			isa = PBXSourcesBuildPhase;
			buildActionMask = 2147483647;
			files = (
				6862042A27FB5B6700C2FBF6 /* AddressRequest.swift in Sources */,
				6862043727FB63EB00C2FBF6 /* ArtisanFilter.swift in Sources */,
				687A509F27D60E2D00A7A124 /* ResetPasswordRequest.swift in Sources */,
				68B8E2CB28814503001B260C /* BookingAPI.swift in Sources */,
				68BA613327FCB21D00DA70F8 /* GalleryAPI.swift in Sources */,
				687A50A127D60EB100A7A124 /* ResetPasswordAPI.swift in Sources */,
				6862044C27FC120A00C2FBF6 /* FavoriteAPI.swift in Sources */,
				68A5F85527BF536300F6728E /* ChallengerRequest.swift in Sources */,
				682F1BAF286AFEF600C7A344 /* ServiceListRequest.swift in Sources */,
				68BA613A27FCB69A00DA70F8 /* NewsAPI.swift in Sources */,
				68BA611327FC439E00DA70F8 /* MediaSigned.swift in Sources */,
				68BA611C27FC8A0F00DA70F8 /* ArtisanServiceAPI.swift in Sources */,
				68A5F80227B3AB8500F6728E /* ServiceWrapper.docc in Sources */,
				68BA614827FD699700DA70F8 /* PaymentAPI.swift in Sources */,
				68A9B57D2841501800AF8858 /* BasicAPIResponse.swift in Sources */,
				68383ADA28511923000A0F2A /* PostServiceRequest.swift in Sources */,
				68A5F86527C4E55100F6728E /* RegisterRequest.swift in Sources */,
				68A5F80E27B3B13E00F6728E /* ServiceHelper.swift in Sources */,
				68A5F81E27B4D13200F6728E /* ProfileAPI.swift in Sources */,
				68B8E2CF288149C7001B260C /* PostBookingRequest.swift in Sources */,
				6872A42D27FD92AA002EC72A /* CalendarAPI.swift in Sources */,
				6862045727FC172800C2FBF6 /* UploadAPI.swift in Sources */,
				68A3BC3E27D1EB9000CEBF1F /* Endpoint.swift in Sources */,
				6862045327FC160000C2FBF6 /* UploadMediaRequest.swift in Sources */,
				6862045527FC163100C2FBF6 /* UploadConfirmedRequest.swift in Sources */,
				68A3BC3A27D1EA5A00CEBF1F /* ForgotPasswordRequest.swift in Sources */,
				68A5F84927BD708800F6728E /* RegisterAPI.swift in Sources */,
				6862042C27FB5E4000C2FBF6 /* AddressAPI.swift in Sources */,
				6862043E27FBB3E900C2FBF6 /* RatingAPI.swift in Sources */,
				68A9B5772841329500AF8858 /* MetadataAPI.swift in Sources */,
				68BA613D27FD46D800DA70F8 /* NotificationAPI.swift in Sources */,
				6862043C27FBB3B800C2FBF6 /* RatingRequest.swift in Sources */,
				68B8E2CD28814976001B260C /* PostComplaintRequest.swift in Sources */,
				68BA612127FCA13500DA70F8 /* ChangePasswordAPI.swift in Sources */,
				6862043927FB641A00C2FBF6 /* ArtisanAPI.swift in Sources */,
				68A5F84D27BD712D00F6728E /* CheckUserRequest.swift in Sources */,
				6862044527FBB73300C2FBF6 /* CategoryAPI.swift in Sources */,
				68BA613027FCA95300DA70F8 /* FavoriteRequest.swift in Sources */,
				68A3BC3C27D1EB0E00CEBF1F /* ForgotPasswordAPI.swift in Sources */,
				68A5F81927B4934800F6728E /* LoginAPI.swift in Sources */,
				68A5F81727B4930000F6728E /* LoginRequest.swift in Sources */,
				68BA611A27FC883E00DA70F8 /* ArtisanServiceRequest.swift in Sources */,
				68BA612A27FCA6C400DA70F8 /* EventTrackingAPI.swift in Sources */,
				68A9B5742841305F00AF8858 /* MetadataRequest.swift in Sources */,
				68BA611F27FCA0B600DA70F8 /* ChangePasswordRequest.swift in Sources */,
			);
			runOnlyForDeploymentPostprocessing = 0;
		};
/* End PBXSourcesBuildPhase section */

/* Begin XCBuildConfiguration section */
		68A5F80427B3AB8500F6728E /* Debug */ = {
			isa = XCBuildConfiguration;
			buildSettings = {
				ALWAYS_SEARCH_USER_PATHS = NO;
				CLANG_ANALYZER_NONNULL = YES;
				CLANG_ANALYZER_NUMBER_OBJECT_CONVERSION = YES_AGGRESSIVE;
				CLANG_CXX_LANGUAGE_STANDARD = "gnu++17";
				CLANG_CXX_LIBRARY = "libc++";
				CLANG_ENABLE_MODULES = YES;
				CLANG_ENABLE_OBJC_ARC = YES;
				CLANG_ENABLE_OBJC_WEAK = YES;
				CLANG_WARN_BLOCK_CAPTURE_AUTORELEASING = YES;
				CLANG_WARN_BOOL_CONVERSION = YES;
				CLANG_WARN_COMMA = YES;
				CLANG_WARN_CONSTANT_CONVERSION = YES;
				CLANG_WARN_DEPRECATED_OBJC_IMPLEMENTATIONS = YES;
				CLANG_WARN_DIRECT_OBJC_ISA_USAGE = YES_ERROR;
				CLANG_WARN_DOCUMENTATION_COMMENTS = YES;
				CLANG_WARN_EMPTY_BODY = YES;
				CLANG_WARN_ENUM_CONVERSION = YES;
				CLANG_WARN_INFINITE_RECURSION = YES;
				CLANG_WARN_INT_CONVERSION = YES;
				CLANG_WARN_NON_LITERAL_NULL_CONVERSION = YES;
				CLANG_WARN_OBJC_IMPLICIT_RETAIN_SELF = YES;
				CLANG_WARN_OBJC_LITERAL_CONVERSION = YES;
				CLANG_WARN_OBJC_ROOT_CLASS = YES_ERROR;
				CLANG_WARN_QUOTED_INCLUDE_IN_FRAMEWORK_HEADER = YES;
				CLANG_WARN_RANGE_LOOP_ANALYSIS = YES;
				CLANG_WARN_STRICT_PROTOTYPES = YES;
				CLANG_WARN_SUSPICIOUS_MOVE = YES;
				CLANG_WARN_UNGUARDED_AVAILABILITY = YES_AGGRESSIVE;
				CLANG_WARN_UNREACHABLE_CODE = YES;
				CLANG_WARN__DUPLICATE_METHOD_MATCH = YES;
				COPY_PHASE_STRIP = NO;
				CURRENT_PROJECT_VERSION = 1;
				DEBUG_INFORMATION_FORMAT = dwarf;
				ENABLE_STRICT_OBJC_MSGSEND = YES;
				ENABLE_TESTABILITY = YES;
				GCC_C_LANGUAGE_STANDARD = gnu11;
				GCC_DYNAMIC_NO_PIC = NO;
				GCC_NO_COMMON_BLOCKS = YES;
				GCC_OPTIMIZATION_LEVEL = 0;
				GCC_PREPROCESSOR_DEFINITIONS = (
					"DEBUG=1",
					"$(inherited)",
				);
				GCC_WARN_64_TO_32_BIT_CONVERSION = YES;
				GCC_WARN_ABOUT_RETURN_TYPE = YES_ERROR;
				GCC_WARN_UNDECLARED_SELECTOR = YES;
				GCC_WARN_UNINITIALIZED_AUTOS = YES_AGGRESSIVE;
				GCC_WARN_UNUSED_FUNCTION = YES;
				GCC_WARN_UNUSED_VARIABLE = YES;
				IPHONEOS_DEPLOYMENT_TARGET = 15.0;
				MTL_ENABLE_DEBUG_INFO = INCLUDE_SOURCE;
				MTL_FAST_MATH = YES;
				ONLY_ACTIVE_ARCH = YES;
				SDKROOT = iphoneos;
				SWIFT_ACTIVE_COMPILATION_CONDITIONS = DEBUG;
				SWIFT_OPTIMIZATION_LEVEL = "-Onone";
				VERSIONING_SYSTEM = "apple-generic";
				VERSION_INFO_PREFIX = "";
			};
			name = Debug;
		};
		68A5F80527B3AB8500F6728E /* Release */ = {
			isa = XCBuildConfiguration;
			buildSettings = {
				ALWAYS_SEARCH_USER_PATHS = NO;
				CLANG_ANALYZER_NONNULL = YES;
				CLANG_ANALYZER_NUMBER_OBJECT_CONVERSION = YES_AGGRESSIVE;
				CLANG_CXX_LANGUAGE_STANDARD = "gnu++17";
				CLANG_CXX_LIBRARY = "libc++";
				CLANG_ENABLE_MODULES = YES;
				CLANG_ENABLE_OBJC_ARC = YES;
				CLANG_ENABLE_OBJC_WEAK = YES;
				CLANG_WARN_BLOCK_CAPTURE_AUTORELEASING = YES;
				CLANG_WARN_BOOL_CONVERSION = YES;
				CLANG_WARN_COMMA = YES;
				CLANG_WARN_CONSTANT_CONVERSION = YES;
				CLANG_WARN_DEPRECATED_OBJC_IMPLEMENTATIONS = YES;
				CLANG_WARN_DIRECT_OBJC_ISA_USAGE = YES_ERROR;
				CLANG_WARN_DOCUMENTATION_COMMENTS = YES;
				CLANG_WARN_EMPTY_BODY = YES;
				CLANG_WARN_ENUM_CONVERSION = YES;
				CLANG_WARN_INFINITE_RECURSION = YES;
				CLANG_WARN_INT_CONVERSION = YES;
				CLANG_WARN_NON_LITERAL_NULL_CONVERSION = YES;
				CLANG_WARN_OBJC_IMPLICIT_RETAIN_SELF = YES;
				CLANG_WARN_OBJC_LITERAL_CONVERSION = YES;
				CLANG_WARN_OBJC_ROOT_CLASS = YES_ERROR;
				CLANG_WARN_QUOTED_INCLUDE_IN_FRAMEWORK_HEADER = YES;
				CLANG_WARN_RANGE_LOOP_ANALYSIS = YES;
				CLANG_WARN_STRICT_PROTOTYPES = YES;
				CLANG_WARN_SUSPICIOUS_MOVE = YES;
				CLANG_WARN_UNGUARDED_AVAILABILITY = YES_AGGRESSIVE;
				CLANG_WARN_UNREACHABLE_CODE = YES;
				CLANG_WARN__DUPLICATE_METHOD_MATCH = YES;
				COPY_PHASE_STRIP = NO;
				CURRENT_PROJECT_VERSION = 1;
				DEBUG_INFORMATION_FORMAT = "dwarf-with-dsym";
				ENABLE_NS_ASSERTIONS = NO;
				ENABLE_STRICT_OBJC_MSGSEND = YES;
				GCC_C_LANGUAGE_STANDARD = gnu11;
				GCC_NO_COMMON_BLOCKS = YES;
				GCC_WARN_64_TO_32_BIT_CONVERSION = YES;
				GCC_WARN_ABOUT_RETURN_TYPE = YES_ERROR;
				GCC_WARN_UNDECLARED_SELECTOR = YES;
				GCC_WARN_UNINITIALIZED_AUTOS = YES_AGGRESSIVE;
				GCC_WARN_UNUSED_FUNCTION = YES;
				GCC_WARN_UNUSED_VARIABLE = YES;
				IPHONEOS_DEPLOYMENT_TARGET = 15.0;
				MTL_ENABLE_DEBUG_INFO = NO;
				MTL_FAST_MATH = YES;
				SDKROOT = iphoneos;
				SWIFT_COMPILATION_MODE = wholemodule;
				SWIFT_OPTIMIZATION_LEVEL = "-O";
				VALIDATE_PRODUCT = YES;
				VERSIONING_SYSTEM = "apple-generic";
				VERSION_INFO_PREFIX = "";
			};
			name = Release;
		};
		68A5F80727B3AB8500F6728E /* Debug */ = {
			isa = XCBuildConfiguration;
			baseConfigurationReference = C5D1A4D35E1DEA98AACAAF47 /* Pods-ServiceWrapper.debug.xcconfig */;
			buildSettings = {
				CODE_SIGN_STYLE = Automatic;
				CURRENT_PROJECT_VERSION = 1;
				DEFINES_MODULE = YES;
				DEVELOPMENT_TEAM = YKB5VB8PJ4;
				DYLIB_COMPATIBILITY_VERSION = 1;
				DYLIB_CURRENT_VERSION = 1;
				DYLIB_INSTALL_NAME_BASE = "@rpath";
				GENERATE_INFOPLIST_FILE = YES;
				INFOPLIST_KEY_NSHumanReadableCopyright = "";
				INSTALL_PATH = "$(LOCAL_LIBRARY_DIR)/Frameworks";
				IPHONEOS_DEPLOYMENT_TARGET = 10.0;
				LD_RUNPATH_SEARCH_PATHS = (
					"$(inherited)",
					"@executable_path/Frameworks",
					"@loader_path/Frameworks",
				);
				MARKETING_VERSION = 1.0;
				PRODUCT_BUNDLE_IDENTIFIER = "com.PTN.reyhan-iOS.ServiceWrapper";
				PRODUCT_NAME = "$(TARGET_NAME:c99extidentifier)";
				SKIP_INSTALL = YES;
				SUPPORTS_MACCATALYST = YES;
				SWIFT_EMIT_LOC_STRINGS = YES;
				SWIFT_VERSION = 5.0;
				TARGETED_DEVICE_FAMILY = "1,2";
			};
			name = Debug;
		};
		68A5F80827B3AB8500F6728E /* Release */ = {
			isa = XCBuildConfiguration;
			baseConfigurationReference = 5C1D5BCEE5A45ED9E1C3D651 /* Pods-ServiceWrapper.release.xcconfig */;
			buildSettings = {
				CODE_SIGN_STYLE = Automatic;
				CURRENT_PROJECT_VERSION = 1;
				DEFINES_MODULE = YES;
				DEVELOPMENT_TEAM = YKB5VB8PJ4;
				DYLIB_COMPATIBILITY_VERSION = 1;
				DYLIB_CURRENT_VERSION = 1;
				DYLIB_INSTALL_NAME_BASE = "@rpath";
				GENERATE_INFOPLIST_FILE = YES;
				INFOPLIST_KEY_NSHumanReadableCopyright = "";
				INSTALL_PATH = "$(LOCAL_LIBRARY_DIR)/Frameworks";
				IPHONEOS_DEPLOYMENT_TARGET = 10.0;
				LD_RUNPATH_SEARCH_PATHS = (
					"$(inherited)",
					"@executable_path/Frameworks",
					"@loader_path/Frameworks",
				);
				MARKETING_VERSION = 1.0;
				PRODUCT_BUNDLE_IDENTIFIER = "com.PTN.reyhan-iOS.ServiceWrapper";
				PRODUCT_NAME = "$(TARGET_NAME:c99extidentifier)";
				SKIP_INSTALL = YES;
				SUPPORTS_MACCATALYST = YES;
				SWIFT_EMIT_LOC_STRINGS = YES;
				SWIFT_VERSION = 5.0;
				TARGETED_DEVICE_FAMILY = "1,2";
			};
			name = Release;
		};
/* End XCBuildConfiguration section */

/* Begin XCConfigurationList section */
		68A5F7F727B3AB8500F6728E /* Build configuration list for PBXProject "ServiceWrapper" */ = {
			isa = XCConfigurationList;
			buildConfigurations = (
				68A5F80427B3AB8500F6728E /* Debug */,
				68A5F80527B3AB8500F6728E /* Release */,
			);
			defaultConfigurationIsVisible = 0;
			defaultConfigurationName = Release;
		};
		68A5F80627B3AB8500F6728E /* Build configuration list for PBXNativeTarget "ServiceWrapper" */ = {
			isa = XCConfigurationList;
			buildConfigurations = (
				68A5F80727B3AB8500F6728E /* Debug */,
				68A5F80827B3AB8500F6728E /* Release */,
			);
			defaultConfigurationIsVisible = 0;
			defaultConfigurationName = Release;
		};
/* End XCConfigurationList section */
	};
	rootObject = 68A5F7F427B3AB8500F6728E /* Project object */;
}
